{
  "nodes": {
    "flake-utils": {
      "locked": {
        "lastModified": 1618868421,
        "narHash": "sha256-vyoJhLV6cJ8/tWz+l9HZLIkb9Rd9esE7p+0RL6zDR6Y=",
        "owner": "numtide",
        "repo": "flake-utils",
        "rev": "eed214942bcfb3a8cc09eb3b28ca7d7221e44a94",
        "type": "github"
      },
      "original": {
        "owner": "numtide",
        "repo": "flake-utils",
        "type": "github"
      }
    },
    "nixpkgs": {
      "locked": {
        "lastModified": 1620387763,
        "narHash": "sha256-cR6e92q0fMMol0K5a+e472F2ojjEoaEighs51pKF99I=",
        "owner": "NixOS",
        "repo": "nixpkgs",
        "rev": "ae1c8ede09b53007ba9b3c32f926c9c03547ae8b",
        "type": "github"
      },
      "original": {
        "owner": "NixOS",
        "ref": "nixos-unstable",
        "repo": "nixpkgs",
        "type": "github"
      }
    },
    "nvfetcher": {
      "inputs": {
        "flake-utils": "flake-utils",
        "nixpkgs": [
          "nixpkgs"
        ]
      },
      "locked": {
        "lastModified": 1620648139,
        "narHash": "sha256-XTRbio0MZwXuxH2Mpg2JjM6xrcgKsf/DbucMYD4WBKw=",
        "owner": "berberman",
        "repo": "nvfetcher",
        "rev": "bbf24f5b4d91861909417c0a9cb6f5211e79c78a",
        "type": "github"
      },
      "original": {
        "owner": "berberman",
        "repo": "nvfetcher",
        "type": "github"
      }
    },
    "root": {
      "inputs": {
        "nixpkgs": "nixpkgs",
        "nvfetcher": "nvfetcher"
      }
    }
  },
  "root": "root",
  "version": 7
}
