{
  "nodes": {
    "flake-utils": {
      "locked": {
        "lastModified": 1618868421,
        "narHash": "sha256-vyoJhLV6cJ8/tWz+l9HZLIkb9Rd9esE7p+0RL6zDR6Y=",
        "owner": "numtide",
        "repo": "flake-utils",
        "rev": "eed214942bcfb3a8cc09eb3b28ca7d7221e44a94",
        "type": "github"
      },
      "original": {
        "owner": "numtide",
        "repo": "flake-utils",
        "type": "github"
      }
    },
    "nixpkgs": {
      "locked": {
        "lastModified": 1618967915,
        "narHash": "sha256-+BYz6ihIzBDcXFTrPxBibQX0PYXjK42JX5XA6SFMxiI=",
        "owner": "NixOS",
        "repo": "nixpkgs",
        "rev": "5bc2962319ca6ccbd0033c95d3e00c9fde1b67ff",
        "type": "github"
      },
      "original": {
        "owner": "NixOS",
        "ref": "nixos-unstable",
        "repo": "nixpkgs",
        "type": "github"
      }
    },
    "nvfetcher": {
      "inputs": {
        "flake-utils": [
          "flake-utils"
        ],
        "nixpkgs": [
          "nixpkgs"
        ]
      },
      "locked": {
        "lastModified": 1619089794,
        "narHash": "sha256-YKbYrk/kHWznfU1wwA3WQ7dNA2bq2F18s758HQW4xkw=",
        "owner": "berberman",
        "repo": "nvfetcher",
        "rev": "a573ee0bc35abdd81925977f33856a77263803ea",
        "type": "github"
      },
      "original": {
        "owner": "berberman",
        "repo": "nvfetcher",
        "type": "github"
      }
    },
    "root": {
      "inputs": {
        "flake-utils": "flake-utils",
        "nixpkgs": "nixpkgs",
        "nvfetcher": "nvfetcher"
      }
    }
  },
  "root": "root",
  "version": 7
}
